
Microsoft Visual Studio Solution File, Format Version 12.00
# Visual Studio Version 17
VisualStudioVersion = 17.4.33213.308
MinimumVisualStudioVersion = 10.0.40219.1
Project("{FAE04EC0-301F-11D3-BF4B-00C04F79EFBC}") = "AzureDbWepApi", "AzureDbWepApi.csproj", "{BAB805FD-9EB7-44EA-9F20-7F87E0C0FF5A}"
EndProject
Global
	GlobalSection(SolutionConfigurationPlatforms) = preSolution
		Debug|Any CPU = Debug|Any CPU
		Release|Any CPU = Release|Any CPU
	EndGlobalSection
	GlobalSection(ProjectConfigurationPlatforms) = postSolution
		{BAB805FD-9EB7-44EA-9F20-7F87E0C0FF5A}.Debug|Any CPU.ActiveCfg = Debug|Any CPU
		{BAB805FD-9EB7-44EA-9F20-7F87E0C0FF5A}.Debug|Any CPU.Build.0 = Debug|Any CPU
		{BAB805FD-9EB7-44EA-9F20-7F87E0C0FF5A}.Release|Any CPU.ActiveCfg = Release|Any CPU
		{BAB805FD-9EB7-44EA-9F20-7F87E0C0FF5A}.Release|Any CPU.Build.0 = Release|Any CPU
	EndGlobalSection
	GlobalSection(SolutionProperties) = preSolution
		HideSolutionNode = FALSE
	EndGlobalSection
	GlobalSection(ExtensibilityGlobals) = postSolution
		SolutionGuid = {1E19D298-17D0-4631-9278-AB9C8687F663}
	EndGlobalSection
EndGlobal
