
Microsoft Visual Studio Solution File, Format Version 12.00
# Visual Studio Version 17
VisualStudioVersion = 17.4.33213.308
MinimumVisualStudioVersion = 10.0.40219.1
Project("{FAE04EC0-301F-11D3-BF4B-00C04F79EFBC}") = "BankWebApi", "BankWebApi.csproj", "{C22E5E7F-7ACB-4AF0-868C-5C9385B0F5EC}"
EndProject
Global
	GlobalSection(SolutionConfigurationPlatforms) = preSolution
		Debug|Any CPU = Debug|Any CPU
		Release|Any CPU = Release|Any CPU
	EndGlobalSection
	GlobalSection(ProjectConfigurationPlatforms) = postSolution
		{C22E5E7F-7ACB-4AF0-868C-5C9385B0F5EC}.Debug|Any CPU.ActiveCfg = Debug|Any CPU
		{C22E5E7F-7ACB-4AF0-868C-5C9385B0F5EC}.Debug|Any CPU.Build.0 = Debug|Any CPU
		{C22E5E7F-7ACB-4AF0-868C-5C9385B0F5EC}.Release|Any CPU.ActiveCfg = Release|Any CPU
		{C22E5E7F-7ACB-4AF0-868C-5C9385B0F5EC}.Release|Any CPU.Build.0 = Release|Any CPU
	EndGlobalSection
	GlobalSection(SolutionProperties) = preSolution
		HideSolutionNode = FALSE
	EndGlobalSection
	GlobalSection(ExtensibilityGlobals) = postSolution
		SolutionGuid = {09C77EA4-30A1-4698-8C45-BD08B8CFD044}
	EndGlobalSection
EndGlobal
