
Microsoft Visual Studio Solution File, Format Version 12.00
# Visual Studio Version 17
VisualStudioVersion = 17.4.33213.308
MinimumVisualStudioVersion = 10.0.40219.1
Project("{FAE04EC0-301F-11D3-BF4B-00C04F79EFBC}") = "AzureTablesWebApi", "AzureTablesWebApi.csproj", "{CFC80B07-4CB7-4A44-B966-CD685E2E6CE4}"
EndProject
Global
	GlobalSection(SolutionConfigurationPlatforms) = preSolution
		Debug|Any CPU = Debug|Any CPU
		Release|Any CPU = Release|Any CPU
	EndGlobalSection
	GlobalSection(ProjectConfigurationPlatforms) = postSolution
		{CFC80B07-4CB7-4A44-B966-CD685E2E6CE4}.Debug|Any CPU.ActiveCfg = Debug|Any CPU
		{CFC80B07-4CB7-4A44-B966-CD685E2E6CE4}.Debug|Any CPU.Build.0 = Debug|Any CPU
		{CFC80B07-4CB7-4A44-B966-CD685E2E6CE4}.Release|Any CPU.ActiveCfg = Release|Any CPU
		{CFC80B07-4CB7-4A44-B966-CD685E2E6CE4}.Release|Any CPU.Build.0 = Release|Any CPU
	EndGlobalSection
	GlobalSection(SolutionProperties) = preSolution
		HideSolutionNode = FALSE
	EndGlobalSection
	GlobalSection(ExtensibilityGlobals) = postSolution
		SolutionGuid = {73925EB0-2AEF-4DBD-B0B4-3163CCF8A557}
	EndGlobalSection
EndGlobal
